// !$*UTF8*$!
{
	archiveVersion = 1;
	classes = {
	};
	objectVersion = 46;
	objects = {

/* Begin PBXBuildFile section */
		ED4D0F551DDEEDE9005787EA /* UIGestureRecognizer+XCAdd.m in Sources */ = {isa = PBXBuildFile; fileRef = ED4D0F541DDEEDE9005787EA /* UIGestureRecognizer+XCAdd.m */; };
		ED55EDEA1EB0F0950080A7EC /* UIColor+XCAdd.m in Sources */ = {isa = PBXBuildFile; fileRef = ED55EDE91EB0F0950080A7EC /* UIColor+XCAdd.m */; };
		ED84DFA31DE2C78500F5E8B3 /* UIView+XCAdd.m in Sources */ = {isa = PBXBuildFile; fileRef = ED84DFA21DE2C78500F5E8B3 /* UIView+XCAdd.m */; };
		ED8A0B7D1DD1CA3900F3130A /* UIButton+XCAdd.m in Sources */ = {isa = PBXBuildFile; fileRef = ED8A0B791DD1CA3900F3130A /* UIButton+XCAdd.m */; };
		ED8A0B7E1DD1CA3900F3130A /* UIScrollView+XCAdd.m in Sources */ = {isa = PBXBuildFile; fileRef = ED8A0B7B1DD1CA3900F3130A /* UIScrollView+XCAdd.m */; };
		ED8A0B821DD1DB6600F3130A /* UIDevice+XCAdd.m in Sources */ = {isa = PBXBuildFile; fileRef = ED8A0B811DD1DB6600F3130A /* UIDevice+XCAdd.m */; };
		ED8A0B871DD22DBE00F3130A /* UIAlertController+XCAdd.m in Sources */ = {isa = PBXBuildFile; fileRef = ED8A0B861DD22DBE00F3130A /* UIAlertController+XCAdd.m */; };
		ED8A0B8A1DD2F8F300F3130A /* UIImage+XCAdd.m in Sources */ = {isa = PBXBuildFile; fileRef = ED8A0B891DD2F8F300F3130A /* UIImage+XCAdd.m */; };
		ED8FA00E1DCC8A3400902066 /* main.m in Sources */ = {isa = PBXBuildFile; fileRef = ED8FA00D1DCC8A3400902066 /* main.m */; };
		ED8FA0111DCC8A3400902066 /* AppDelegate.m in Sources */ = {isa = PBXBuildFile; fileRef = ED8FA0101DCC8A3400902066 /* AppDelegate.m */; };
		ED8FA0141DCC8A3400902066 /* ViewController.m in Sources */ = {isa = PBXBuildFile; fileRef = ED8FA0131DCC8A3400902066 /* ViewController.m */; };
		ED8FA0171DCC8A3400902066 /* Main.storyboard in Resources */ = {isa = PBXBuildFile; fileRef = ED8FA0151DCC8A3400902066 /* Main.storyboard */; };
		ED8FA0191DCC8A3400902066 /* Assets.xcassets in Resources */ = {isa = PBXBuildFile; fileRef = ED8FA0181DCC8A3400902066 /* Assets.xcassets */; };
		ED8FA01C1DCC8A3400902066 /* LaunchScreen.storyboard in Resources */ = {isa = PBXBuildFile; fileRef = ED8FA01A1DCC8A3400902066 /* LaunchScreen.storyboard */; };
/* End PBXBuildFile section */

/* Begin PBXFileReference section */
		ED4D0F531DDEEDE9005787EA /* UIGestureRecognizer+XCAdd.h */ = {isa = PBXFileReference; fileEncoding = 4; lastKnownFileType = sourcecode.c.h; path = "UIGestureRecognizer+XCAdd.h"; sourceTree = "<group>"; };
		ED4D0F541DDEEDE9005787EA /* UIGestureRecognizer+XCAdd.m */ = {isa = PBXFileReference; fileEncoding = 4; lastKnownFileType = sourcecode.c.objc; path = "UIGestureRecognizer+XCAdd.m"; sourceTree = "<group>"; };
		ED55EDE81EB0F0950080A7EC /* UIColor+XCAdd.h */ = {isa = PBXFileReference; fileEncoding = 4; lastKnownFileType = sourcecode.c.h; path = "UIColor+XCAdd.h"; sourceTree = "<group>"; };
		ED55EDE91EB0F0950080A7EC /* UIColor+XCAdd.m */ = {isa = PBXFileReference; fileEncoding = 4; lastKnownFileType = sourcecode.c.objc; path = "UIColor+XCAdd.m"; sourceTree = "<group>"; };
		ED84DFA11DE2C78500F5E8B3 /* UIView+XCAdd.h */ = {isa = PBXFileReference; fileEncoding = 4; lastKnownFileType = sourcecode.c.h; path = "UIView+XCAdd.h"; sourceTree = "<group>"; };
		ED84DFA21DE2C78500F5E8B3 /* UIView+XCAdd.m */ = {isa = PBXFileReference; fileEncoding = 4; lastKnownFileType = sourcecode.c.objc; path = "UIView+XCAdd.m"; sourceTree = "<group>"; };
		ED8A0B781DD1CA3900F3130A /* UIButton+XCAdd.h */ = {isa = PBXFileReference; fileEncoding = 4; lastKnownFileType = sourcecode.c.h; path = "UIButton+XCAdd.h"; sourceTree = "<group>"; };
		ED8A0B791DD1CA3900F3130A /* UIButton+XCAdd.m */ = {isa = PBXFileReference; fileEncoding = 4; lastKnownFileType = sourcecode.c.objc; path = "UIButton+XCAdd.m"; sourceTree = "<group>"; };
		ED8A0B7A1DD1CA3900F3130A /* UIScrollView+XCAdd.h */ = {isa = PBXFileReference; fileEncoding = 4; lastKnownFileType = sourcecode.c.h; path = "UIScrollView+XCAdd.h"; sourceTree = "<group>"; };
		ED8A0B7B1DD1CA3900F3130A /* UIScrollView+XCAdd.m */ = {isa = PBXFileReference; fileEncoding = 4; lastKnownFileType = sourcecode.c.objc; path = "UIScrollView+XCAdd.m"; sourceTree = "<group>"; };
		ED8A0B7C1DD1CA3900F3130A /* XCCategories.h */ = {isa = PBXFileReference; fileEncoding = 4; lastKnownFileType = sourcecode.c.h; path = XCCategories.h; sourceTree = "<group>"; };
		ED8A0B7F1DD1CA5D00F3130A /* XCCategoryMacro.h */ = {isa = PBXFileReference; lastKnownFileType = sourcecode.c.h; path = XCCategoryMacro.h; sourceTree = "<group>"; };
		ED8A0B801DD1DB6600F3130A /* UIDevice+XCAdd.h */ = {isa = PBXFileReference; fileEncoding = 4; lastKnownFileType = sourcecode.c.h; path = "UIDevice+XCAdd.h"; sourceTree = "<group>"; };
		ED8A0B811DD1DB6600F3130A /* UIDevice+XCAdd.m */ = {isa = PBXFileReference; fileEncoding = 4; lastKnownFileType = sourcecode.c.objc; path = "UIDevice+XCAdd.m"; sourceTree = "<group>"; };
		ED8A0B841DD22A8B00F3130A /* XCkit.h */ = {isa = PBXFileReference; lastKnownFileType = sourcecode.c.h; path = XCkit.h; sourceTree = "<group>"; };
		ED8A0B851DD22DBE00F3130A /* UIAlertController+XCAdd.h */ = {isa = PBXFileReference; fileEncoding = 4; lastKnownFileType = sourcecode.c.h; path = "UIAlertController+XCAdd.h"; sourceTree = "<group>"; };
		ED8A0B861DD22DBE00F3130A /* UIAlertController+XCAdd.m */ = {isa = PBXFileReference; fileEncoding = 4; lastKnownFileType = sourcecode.c.objc; path = "UIAlertController+XCAdd.m"; sourceTree = "<group>"; };
		ED8A0B881DD2F8F300F3130A /* UIImage+XCAdd.h */ = {isa = PBXFileReference; fileEncoding = 4; lastKnownFileType = sourcecode.c.h; path = "UIImage+XCAdd.h"; sourceTree = "<group>"; };
		ED8A0B891DD2F8F300F3130A /* UIImage+XCAdd.m */ = {isa = PBXFileReference; fileEncoding = 4; lastKnownFileType = sourcecode.c.objc; path = "UIImage+XCAdd.m"; sourceTree = "<group>"; };
		ED8FA0091DCC8A3400902066 /* XCkit.app */ = {isa = PBXFileReference; explicitFileType = wrapper.application; includeInIndex = 0; path = XCkit.app; sourceTree = BUILT_PRODUCTS_DIR; };
		ED8FA00D1DCC8A3400902066 /* main.m */ = {isa = PBXFileReference; lastKnownFileType = sourcecode.c.objc; path = main.m; sourceTree = "<group>"; };
		ED8FA00F1DCC8A3400902066 /* AppDelegate.h */ = {isa = PBXFileReference; lastKnownFileType = sourcecode.c.h; path = AppDelegate.h; sourceTree = "<group>"; };
		ED8FA0101DCC8A3400902066 /* AppDelegate.m */ = {isa = PBXFileReference; lastKnownFileType = sourcecode.c.objc; path = AppDelegate.m; sourceTree = "<group>"; };
		ED8FA0121DCC8A3400902066 /* ViewController.h */ = {isa = PBXFileReference; lastKnownFileType = sourcecode.c.h; path = ViewController.h; sourceTree = "<group>"; };
		ED8FA0131DCC8A3400902066 /* ViewController.m */ = {isa = PBXFileReference; lastKnownFileType = sourcecode.c.objc; path = ViewController.m; sourceTree = "<group>"; };
		ED8FA0161DCC8A3400902066 /* Base */ = {isa = PBXFileReference; lastKnownFileType = file.storyboard; name = Base; path = Base.lproj/Main.storyboard; sourceTree = "<group>"; };
		ED8FA0181DCC8A3400902066 /* Assets.xcassets */ = {isa = PBXFileReference; lastKnownFileType = folder.assetcatalog; path = Assets.xcassets; sourceTree = "<group>"; };
		ED8FA01B1DCC8A3400902066 /* Base */ = {isa = PBXFileReference; lastKnownFileType = file.storyboard; name = Base; path = Base.lproj/LaunchScreen.storyboard; sourceTree = "<group>"; };
		ED8FA01D1DCC8A3400902066 /* Info.plist */ = {isa = PBXFileReference; lastKnownFileType = text.plist.xml; path = Info.plist; sourceTree = "<group>"; };
/* End PBXFileReference section */

/* Begin PBXFrameworksBuildPhase section */
		ED8FA0061DCC8A3400902066 /* Frameworks */ = {
			isa = PBXFrameworksBuildPhase;
			buildActionMask = 2147483647;
			files = (
			);
			runOnlyForDeploymentPostprocessing = 0;
		};
/* End PBXFrameworksBuildPhase section */

/* Begin PBXGroup section */
		ED8A0B751DD1CA3900F3130A /* Classes */ = {
			isa = PBXGroup;
			children = (
				ED8A0B761DD1CA3900F3130A /* Category */,
				ED8A0B841DD22A8B00F3130A /* XCkit.h */,
			);
			name = Classes;
			path = ../Classes;
			sourceTree = "<group>";
		};
		ED8A0B761DD1CA3900F3130A /* Category */ = {
			isa = PBXGroup;
			children = (
				ED8A0B771DD1CA3900F3130A /* UIKit */,
				ED8A0B7C1DD1CA3900F3130A /* XCCategories.h */,
				ED8A0B7F1DD1CA5D00F3130A /* XCCategoryMacro.h */,
			);
			path = Category;
			sourceTree = "<group>";
		};
		ED8A0B771DD1CA3900F3130A /* UIKit */ = {
			isa = PBXGroup;
			children = (
				ED8A0B781DD1CA3900F3130A /* UIButton+XCAdd.h */,
				ED8A0B791DD1CA3900F3130A /* UIButton+XCAdd.m */,
				ED8A0B7A1DD1CA3900F3130A /* UIScrollView+XCAdd.h */,
				ED8A0B7B1DD1CA3900F3130A /* UIScrollView+XCAdd.m */,
				ED8A0B801DD1DB6600F3130A /* UIDevice+XCAdd.h */,
				ED8A0B811DD1DB6600F3130A /* UIDevice+XCAdd.m */,
				ED8A0B851DD22DBE00F3130A /* UIAlertController+XCAdd.h */,
				ED8A0B861DD22DBE00F3130A /* UIAlertController+XCAdd.m */,
				ED8A0B881DD2F8F300F3130A /* UIImage+XCAdd.h */,
				ED8A0B891DD2F8F300F3130A /* UIImage+XCAdd.m */,
				ED4D0F531DDEEDE9005787EA /* UIGestureRecognizer+XCAdd.h */,
				ED4D0F541DDEEDE9005787EA /* UIGestureRecognizer+XCAdd.m */,
				ED84DFA11DE2C78500F5E8B3 /* UIView+XCAdd.h */,
				ED84DFA21DE2C78500F5E8B3 /* UIView+XCAdd.m */,
				ED55EDE81EB0F0950080A7EC /* UIColor+XCAdd.h */,
				ED55EDE91EB0F0950080A7EC /* UIColor+XCAdd.m */,
			);
			path = UIKit;
			sourceTree = "<group>";
		};
		ED8FA0001DCC8A3400902066 = {
			isa = PBXGroup;
			children = (
				ED8A0B751DD1CA3900F3130A /* Classes */,
				ED8FA00B1DCC8A3400902066 /* XCkit */,
				ED8FA00A1DCC8A3400902066 /* Products */,
			);
			sourceTree = "<group>";
		};
		ED8FA00A1DCC8A3400902066 /* Products */ = {
			isa = PBXGroup;
			children = (
				ED8FA0091DCC8A3400902066 /* XCkit.app */,
			);
			name = Products;
			sourceTree = "<group>";
		};
		ED8FA00B1DCC8A3400902066 /* XCkit */ = {
			isa = PBXGroup;
			children = (
				ED8FA00F1DCC8A3400902066 /* AppDelegate.h */,
				ED8FA0101DCC8A3400902066 /* AppDelegate.m */,
				ED8FA0121DCC8A3400902066 /* ViewController.h */,
				ED8FA0131DCC8A3400902066 /* ViewController.m */,
				ED8FA0151DCC8A3400902066 /* Main.storyboard */,
				ED8FA0181DCC8A3400902066 /* Assets.xcassets */,
				ED8FA01A1DCC8A3400902066 /* LaunchScreen.storyboard */,
				ED8FA01D1DCC8A3400902066 /* Info.plist */,
				ED8FA00C1DCC8A3400902066 /* Supporting Files */,
			);
			path = XCkit;
			sourceTree = "<group>";
		};
		ED8FA00C1DCC8A3400902066 /* Supporting Files */ = {
			isa = PBXGroup;
			children = (
				ED8FA00D1DCC8A3400902066 /* main.m */,
			);
			name = "Supporting Files";
			sourceTree = "<group>";
		};
/* End PBXGroup section */

/* Begin PBXNativeTarget section */
		ED8FA0081DCC8A3400902066 /* XCkit */ = {
			isa = PBXNativeTarget;
			buildConfigurationList = ED8FA0201DCC8A3400902066 /* Build configuration list for PBXNativeTarget "XCkit" */;
			buildPhases = (
				ED8FA0051DCC8A3400902066 /* Sources */,
				ED8FA0061DCC8A3400902066 /* Frameworks */,
				ED8FA0071DCC8A3400902066 /* Resources */,
			);
			buildRules = (
			);
			dependencies = (
			);
			name = XCkit;
			productName = XCkit;
			productReference = ED8FA0091DCC8A3400902066 /* XCkit.app */;
			productType = "com.apple.product-type.application";
		};
/* End PBXNativeTarget section */

/* Begin PBXProject section */
		ED8FA0011DCC8A3400902066 /* Project object */ = {
			isa = PBXProject;
			attributes = {
				LastUpgradeCheck = 0800;
				ORGANIZATIONNAME = lidongbo;
				TargetAttributes = {
					ED8FA0081DCC8A3400902066 = {
						CreatedOnToolsVersion = 8.0;
						DevelopmentTeam = TTKKZ8P784;
						ProvisioningStyle = Automatic;
					};
				};
			};
			buildConfigurationList = ED8FA0041DCC8A3400902066 /* Build configuration list for PBXProject "XCkit" */;
			compatibilityVersion = "Xcode 3.2";
			developmentRegion = English;
			hasScannedForEncodings = 0;
			knownRegions = (
				en,
				Base,
			);
			mainGroup = ED8FA0001DCC8A3400902066;
			productRefGroup = ED8FA00A1DCC8A3400902066 /* Products */;
			projectDirPath = "";
			projectRoot = "";
			targets = (
				ED8FA0081DCC8A3400902066 /* XCkit */,
			);
		};
/* End PBXProject section */

/* Begin PBXResourcesBuildPhase section */
		ED8FA0071DCC8A3400902066 /* Resources */ = {
			isa = PBXResourcesBuildPhase;
			buildActionMask = 2147483647;
			files = (
				ED8FA01C1DCC8A3400902066 /* LaunchScreen.storyboard in Resources */,
				ED8FA0191DCC8A3400902066 /* Assets.xcassets in Resources */,
				ED8FA0171DCC8A3400902066 /* Main.storyboard in Resources */,
			);
			runOnlyForDeploymentPostprocessing = 0;
		};
/* End PBXResourcesBuildPhase section */

/* Begin PBXSourcesBuildPhase section */
		ED8FA0051DCC8A3400902066 /* Sources */ = {
			isa = PBXSourcesBuildPhase;
			buildActionMask = 2147483647;
			files = (
				ED8A0B871DD22DBE00F3130A /* UIAlertController+XCAdd.m in Sources */,
				ED4D0F551DDEEDE9005787EA /* UIGestureRecognizer+XCAdd.m in Sources */,
				ED8A0B7E1DD1CA3900F3130A /* UIScrollView+XCAdd.m in Sources */,
				ED55EDEA1EB0F0950080A7EC /* UIColor+XCAdd.m in Sources */,
				ED84DFA31DE2C78500F5E8B3 /* UIView+XCAdd.m in Sources */,
				ED8A0B8A1DD2F8F300F3130A /* UIImage+XCAdd.m in Sources */,
				ED8A0B7D1DD1CA3900F3130A /* UIButton+XCAdd.m in Sources */,
				ED8A0B821DD1DB6600F3130A /* UIDevice+XCAdd.m in Sources */,
				ED8FA0141DCC8A3400902066 /* ViewController.m in Sources */,
				ED8FA0111DCC8A3400902066 /* AppDelegate.m in Sources */,
				ED8FA00E1DCC8A3400902066 /* main.m in Sources */,
			);
			runOnlyForDeploymentPostprocessing = 0;
		};
/* End PBXSourcesBuildPhase section */

/* Begin PBXVariantGroup section */
		ED8FA0151DCC8A3400902066 /* Main.storyboard */ = {
			isa = PBXVariantGroup;
			children = (
				ED8FA0161DCC8A3400902066 /* Base */,
			);
			name = Main.storyboard;
			sourceTree = "<group>";
		};
		ED8FA01A1DCC8A3400902066 /* LaunchScreen.storyboard */ = {
			isa = PBXVariantGroup;
			children = (
				ED8FA01B1DCC8A3400902066 /* Base */,
			);
			name = LaunchScreen.storyboard;
			sourceTree = "<group>";
		};
/* End PBXVariantGroup section */

/* Begin XCBuildConfiguration section */
		ED8FA01E1DCC8A3400902066 /* Debug */ = {
			isa = XCBuildConfiguration;
			buildSettings = {
				ALWAYS_SEARCH_USER_PATHS = NO;
				CLANG_ANALYZER_NONNULL = YES;
				CLANG_CXX_LANGUAGE_STANDARD = "gnu++0x";
				CLANG_CXX_LIBRARY = "libc++";
				CLANG_ENABLE_MODULES = YES;
				CLANG_ENABLE_OBJC_ARC = YES;
				CLANG_WARN_BOOL_CONVERSION = YES;
				CLANG_WARN_CONSTANT_CONVERSION = YES;
				CLANG_WARN_DIRECT_OBJC_ISA_USAGE = YES_ERROR;
				CLANG_WARN_DOCUMENTATION_COMMENTS = YES;
				CLANG_WARN_EMPTY_BODY = YES;
				CLANG_WARN_ENUM_CONVERSION = YES;
				CLANG_WARN_INFINITE_RECURSION = YES;
				CLANG_WARN_INT_CONVERSION = YES;
				CLANG_WARN_OBJC_ROOT_CLASS = YES_ERROR;
				CLANG_WARN_SUSPICIOUS_MOVES = YES;
				CLANG_WARN_UNREACHABLE_CODE = YES;
				CLANG_WARN__DUPLICATE_METHOD_MATCH = YES;
				"CODE_SIGN_IDENTITY[sdk=iphoneos*]" = "iPhone Developer";
				COPY_PHASE_STRIP = NO;
				DEBUG_INFORMATION_FORMAT = dwarf;
				ENABLE_STRICT_OBJC_MSGSEND = YES;
				ENABLE_TESTABILITY = YES;
				GCC_C_LANGUAGE_STANDARD = gnu99;
				GCC_DYNAMIC_NO_PIC = NO;
				GCC_NO_COMMON_BLOCKS = YES;
				GCC_OPTIMIZATION_LEVEL = 0;
				GCC_PREPROCESSOR_DEFINITIONS = (
					"DEBUG=1",
					"$(inherited)",
				);
				GCC_WARN_64_TO_32_BIT_CONVERSION = YES;
				GCC_WARN_ABOUT_RETURN_TYPE = YES_ERROR;
				GCC_WARN_UNDECLARED_SELECTOR = YES;
				GCC_WARN_UNINITIALIZED_AUTOS = YES_AGGRESSIVE;
				GCC_WARN_UNUSED_FUNCTION = YES;
				GCC_WARN_UNUSED_VARIABLE = YES;
				IPHONEOS_DEPLOYMENT_TARGET = 10.0;
				MTL_ENABLE_DEBUG_INFO = YES;
				ONLY_ACTIVE_ARCH = YES;
				SDKROOT = iphoneos;
			};
			name = Debug;
		};
		ED8FA01F1DCC8A3400902066 /* Release */ = {
			isa = XCBuildConfiguration;
			buildSettings = {
				ALWAYS_SEARCH_USER_PATHS = NO;
				CLANG_ANALYZER_NONNULL = YES;
				CLANG_CXX_LANGUAGE_STANDARD = "gnu++0x";
				CLANG_CXX_LIBRARY = "libc++";
				CLANG_ENABLE_MODULES = YES;
				CLANG_ENABLE_OBJC_ARC = YES;
				CLANG_WARN_BOOL_CONVERSION = YES;
				CLANG_WARN_CONSTANT_CONVERSION = YES;
				CLANG_WARN_DIRECT_OBJC_ISA_USAGE = YES_ERROR;
				CLANG_WARN_DOCUMENTATION_COMMENTS = YES;
				CLANG_WARN_EMPTY_BODY = YES;
				CLANG_WARN_ENUM_CONVERSION = YES;
				CLANG_WARN_INFINITE_RECURSION = YES;
				CLANG_WARN_INT_CONVERSION = YES;
				CLANG_WARN_OBJC_ROOT_CLASS = YES_ERROR;
				CLANG_WARN_SUSPICIOUS_MOVES = YES;
				CLANG_WARN_UNREACHABLE_CODE = YES;
				CLANG_WARN__DUPLICATE_METHOD_MATCH = YES;
				"CODE_SIGN_IDENTITY[sdk=iphoneos*]" = "iPhone Developer";
				COPY_PHASE_STRIP = NO;
				DEBUG_INFORMATION_FORMAT = "dwarf-with-dsym";
				ENABLE_NS_ASSERTIONS = NO;
				ENABLE_STRICT_OBJC_MSGSEND = YES;
				GCC_C_LANGUAGE_STANDARD = gnu99;
				GCC_NO_COMMON_BLOCKS = YES;
				GCC_WARN_64_TO_32_BIT_CONVERSION = YES;
				GCC_WARN_ABOUT_RETURN_TYPE = YES_ERROR;
				GCC_WARN_UNDECLARED_SELECTOR = YES;
				GCC_WARN_UNINITIALIZED_AUTOS = YES_AGGRESSIVE;
				GCC_WARN_UNUSED_FUNCTION = YES;
				GCC_WARN_UNUSED_VARIABLE = YES;
				IPHONEOS_DEPLOYMENT_TARGET = 10.0;
				MTL_ENABLE_DEBUG_INFO = NO;
				SDKROOT = iphoneos;
				VALIDATE_PRODUCT = YES;
			};
			name = Release;
		};
		ED8FA0211DCC8A3400902066 /* Debug */ = {
			isa = XCBuildConfiguration;
			buildSettings = {
				ASSETCATALOG_COMPILER_APPICON_NAME = AppIcon;
				DEVELOPMENT_TEAM = TTKKZ8P784;
				INFOPLIST_FILE = XCkit/Info.plist;
				IPHONEOS_DEPLOYMENT_TARGET = 8.0;
				LD_RUNPATH_SEARCH_PATHS = "$(inherited) @executable_path/Frameworks";
				PRODUCT_BUNDLE_IDENTIFIER = lidongbo.XCkit;
				PRODUCT_NAME = "$(TARGET_NAME)";
			};
			name = Debug;
		};
		ED8FA0221DCC8A3400902066 /* Release */ = {
			isa = XCBuildConfiguration;
			buildSettings = {
				ASSETCATALOG_COMPILER_APPICON_NAME = AppIcon;
				DEVELOPMENT_TEAM = TTKKZ8P784;
				INFOPLIST_FILE = XCkit/Info.plist;
				IPHONEOS_DEPLOYMENT_TARGET = 8.0;
				LD_RUNPATH_SEARCH_PATHS = "$(inherited) @executable_path/Frameworks";
				PRODUCT_BUNDLE_IDENTIFIER = lidongbo.XCkit;
				PRODUCT_NAME = "$(TARGET_NAME)";
			};
			name = Release;
		};
/* End XCBuildConfiguration section */

/* Begin XCConfigurationList section */
		ED8FA0041DCC8A3400902066 /* Build configuration list for PBXProject "XCkit" */ = {
			isa = XCConfigurationList;
			buildConfigurations = (
				ED8FA01E1DCC8A3400902066 /* Debug */,
				ED8FA01F1DCC8A3400902066 /* Release */,
			);
			defaultConfigurationIsVisible = 0;
			defaultConfigurationName = Release;
		};
		ED8FA0201DCC8A3400902066 /* Build configuration list for PBXNativeTarget "XCkit" */ = {
			isa = XCConfigurationList;
			buildConfigurations = (
				ED8FA0211DCC8A3400902066 /* Debug */,
				ED8FA0221DCC8A3400902066 /* Release */,
			);
			defaultConfigurationIsVisible = 0;
			defaultConfigurationName = Release;
		};
/* End XCConfigurationList section */
	};
	rootObject = ED8FA0011DCC8A3400902066 /* Project object */;
}
